// !$*UTF8*$!
{
	archiveVersion = 1;
	classes = {
	};
	objectVersion = 51;
	objects = {

/* Begin PBXBuildFile section */
		18FF63A226B2BA29009AEC71 /* AppDelegate.swift in Sources */ = {isa = PBXBuildFile; fileRef = 18FF63A126B2BA29009AEC71 /* AppDelegate.swift */; };
		18FF63A426B2BA29009AEC71 /* SceneDelegate.swift in Sources */ = {isa = PBXBuildFile; fileRef = 18FF63A326B2BA29009AEC71 /* SceneDelegate.swift */; };
		18FF63A626B2BA29009AEC71 /* ViewController.swift in Sources */ = {isa = PBXBuildFile; fileRef = 18FF63A526B2BA29009AEC71 /* ViewController.swift */; };
		18FF63A926B2BA29009AEC71 /* Main.storyboard in Resources */ = {isa = PBXBuildFile; fileRef = 18FF63A726B2BA29009AEC71 /* Main.storyboard */; };
		18FF63AB26B2BA2A009AEC71 /* Assets.xcassets in Resources */ = {isa = PBXBuildFile; fileRef = 18FF63AA26B2BA2A009AEC71 /* Assets.xcassets */; };
		18FF63AE26B2BA2A009AEC71 /* LaunchScreen.storyboard in Resources */ = {isa = PBXBuildFile; fileRef = 18FF63AC26B2BA2A009AEC71 /* LaunchScreen.storyboard */; };
		18FF63B926B2BA2A009AEC71 /* WebServiceMoyaDemoTests.swift in Sources */ = {isa = PBXBuildFile; fileRef = 18FF63B826B2BA2A009AEC71 /* WebServiceMoyaDemoTests.swift */; };
		18FF63C426B2BA2A009AEC71 /* WebServiceMoyaDemoUITests.swift in Sources */ = {isa = PBXBuildFile; fileRef = 18FF63C326B2BA2A009AEC71 /* WebServiceMoyaDemoUITests.swift */; };
		18FF63D926B2BA6A009AEC71 /* MoyaTargetEx.swift in Sources */ = {isa = PBXBuildFile; fileRef = 18FF63D326B2BA6A009AEC71 /* MoyaTargetEx.swift */; };
		18FF63DA26B2BA6A009AEC71 /* LXRequestResultContainer.swift in Sources */ = {isa = PBXBuildFile; fileRef = 18FF63D426B2BA6A009AEC71 /* LXRequestResultContainer.swift */; };
		18FF63DB26B2BA6A009AEC71 /* LXWebServiceHelper.swift in Sources */ = {isa = PBXBuildFile; fileRef = 18FF63D526B2BA6A009AEC71 /* LXWebServiceHelper.swift */; };
		18FF63DC26B2BA6A009AEC71 /* LXError.swift in Sources */ = {isa = PBXBuildFile; fileRef = 18FF63D626B2BA6A009AEC71 /* LXError.swift */; };
		DA531E1855360D3853D5F245 /* Pods_WebServiceMoyaDemo.framework in Frameworks */ = {isa = PBXBuildFile; fileRef = BB87899551C24BDD270CC57C /* Pods_WebServiceMoyaDemo.framework */; };
		E17AAE2326B5752F00DAC57A /* LXHandleRequestPlugin.swift in Sources */ = {isa = PBXBuildFile; fileRef = E17AAE2226B5752F00DAC57A /* LXHandleRequestPlugin.swift */; };
		E1A8AECC26B4186A00EFB67C /* LXAESEncoding.swift in Sources */ = {isa = PBXBuildFile; fileRef = E1A8AECB26B4186A00EFB67C /* LXAESEncoding.swift */; };
		E1A8AECE26B41C3D00EFB67C /* LXUploadFileInfo.swift in Sources */ = {isa = PBXBuildFile; fileRef = E1A8AECD26B41C3D00EFB67C /* LXUploadFileInfo.swift */; };
		E1D16A4426B6BCFE00614519 /* TestPolicyApi.swift in Sources */ = {isa = PBXBuildFile; fileRef = E1D16A4326B6BCFE00614519 /* TestPolicyApi.swift */; };
		E1D16A4F26B6C49300614519 /* TestModel.swift in Sources */ = {isa = PBXBuildFile; fileRef = E1D16A4D26B6C49300614519 /* TestModel.swift */; };
		E1D16A5026B6C49300614519 /* TestRequestApi.swift in Sources */ = {isa = PBXBuildFile; fileRef = E1D16A4E26B6C49300614519 /* TestRequestApi.swift */; };
/* End PBXBuildFile section */

/* Begin PBXContainerItemProxy section */
		18FF63B526B2BA2A009AEC71 /* PBXContainerItemProxy */ = {
			isa = PBXContainerItemProxy;
			containerPortal = 18FF639626B2BA29009AEC71 /* Project object */;
			proxyType = 1;
			remoteGlobalIDString = 18FF639D26B2BA29009AEC71;
			remoteInfo = WebServiceMoyaDemo;
		};
		18FF63C026B2BA2A009AEC71 /* PBXContainerItemProxy */ = {
			isa = PBXContainerItemProxy;
			containerPortal = 18FF639626B2BA29009AEC71 /* Project object */;
			proxyType = 1;
			remoteGlobalIDString = 18FF639D26B2BA29009AEC71;
			remoteInfo = WebServiceMoyaDemo;
		};
/* End PBXContainerItemProxy section */

/* Begin PBXFileReference section */
		18FF639E26B2BA29009AEC71 /* WebServiceMoyaDemo.app */ = {isa = PBXFileReference; explicitFileType = wrapper.application; includeInIndex = 0; path = WebServiceMoyaDemo.app; sourceTree = BUILT_PRODUCTS_DIR; };
		18FF63A126B2BA29009AEC71 /* AppDelegate.swift */ = {isa = PBXFileReference; lastKnownFileType = sourcecode.swift; path = AppDelegate.swift; sourceTree = "<group>"; };
		18FF63A326B2BA29009AEC71 /* SceneDelegate.swift */ = {isa = PBXFileReference; lastKnownFileType = sourcecode.swift; path = SceneDelegate.swift; sourceTree = "<group>"; };
		18FF63A526B2BA29009AEC71 /* ViewController.swift */ = {isa = PBXFileReference; lastKnownFileType = sourcecode.swift; path = ViewController.swift; sourceTree = "<group>"; };
		18FF63A826B2BA29009AEC71 /* Base */ = {isa = PBXFileReference; lastKnownFileType = file.storyboard; name = Base; path = Base.lproj/Main.storyboard; sourceTree = "<group>"; };
		18FF63AA26B2BA2A009AEC71 /* Assets.xcassets */ = {isa = PBXFileReference; lastKnownFileType = folder.assetcatalog; path = Assets.xcassets; sourceTree = "<group>"; };
		18FF63AD26B2BA2A009AEC71 /* Base */ = {isa = PBXFileReference; lastKnownFileType = file.storyboard; name = Base; path = Base.lproj/LaunchScreen.storyboard; sourceTree = "<group>"; };
		18FF63AF26B2BA2A009AEC71 /* Info.plist */ = {isa = PBXFileReference; lastKnownFileType = text.plist.xml; path = Info.plist; sourceTree = "<group>"; };
		18FF63B426B2BA2A009AEC71 /* WebServiceMoyaDemoTests.xctest */ = {isa = PBXFileReference; explicitFileType = wrapper.cfbundle; includeInIndex = 0; path = WebServiceMoyaDemoTests.xctest; sourceTree = BUILT_PRODUCTS_DIR; };
		18FF63B826B2BA2A009AEC71 /* WebServiceMoyaDemoTests.swift */ = {isa = PBXFileReference; lastKnownFileType = sourcecode.swift; path = WebServiceMoyaDemoTests.swift; sourceTree = "<group>"; };
		18FF63BA26B2BA2A009AEC71 /* Info.plist */ = {isa = PBXFileReference; lastKnownFileType = text.plist.xml; path = Info.plist; sourceTree = "<group>"; };
		18FF63BF26B2BA2A009AEC71 /* WebServiceMoyaDemoUITests.xctest */ = {isa = PBXFileReference; explicitFileType = wrapper.cfbundle; includeInIndex = 0; path = WebServiceMoyaDemoUITests.xctest; sourceTree = BUILT_PRODUCTS_DIR; };
		18FF63C326B2BA2A009AEC71 /* WebServiceMoyaDemoUITests.swift */ = {isa = PBXFileReference; lastKnownFileType = sourcecode.swift; path = WebServiceMoyaDemoUITests.swift; sourceTree = "<group>"; };
		18FF63C526B2BA2A009AEC71 /* Info.plist */ = {isa = PBXFileReference; lastKnownFileType = text.plist.xml; path = Info.plist; sourceTree = "<group>"; };
		18FF63D326B2BA6A009AEC71 /* MoyaTargetEx.swift */ = {isa = PBXFileReference; fileEncoding = 4; lastKnownFileType = sourcecode.swift; path = MoyaTargetEx.swift; sourceTree = "<group>"; };
		18FF63D426B2BA6A009AEC71 /* LXRequestResultContainer.swift */ = {isa = PBXFileReference; fileEncoding = 4; lastKnownFileType = sourcecode.swift; path = LXRequestResultContainer.swift; sourceTree = "<group>"; };
		18FF63D526B2BA6A009AEC71 /* LXWebServiceHelper.swift */ = {isa = PBXFileReference; fileEncoding = 4; lastKnownFileType = sourcecode.swift; path = LXWebServiceHelper.swift; sourceTree = "<group>"; };
		18FF63D626B2BA6A009AEC71 /* LXError.swift */ = {isa = PBXFileReference; fileEncoding = 4; lastKnownFileType = sourcecode.swift; path = LXError.swift; sourceTree = "<group>"; };
		601F6B558C43168CB27484C0 /* Pods-WebServiceMoyaDemo.release.xcconfig */ = {isa = PBXFileReference; includeInIndex = 1; lastKnownFileType = text.xcconfig; name = "Pods-WebServiceMoyaDemo.release.xcconfig"; path = "Target Support Files/Pods-WebServiceMoyaDemo/Pods-WebServiceMoyaDemo.release.xcconfig"; sourceTree = "<group>"; };
		BB87899551C24BDD270CC57C /* Pods_WebServiceMoyaDemo.framework */ = {isa = PBXFileReference; explicitFileType = wrapper.framework; includeInIndex = 0; path = Pods_WebServiceMoyaDemo.framework; sourceTree = BUILT_PRODUCTS_DIR; };
		E17AAE2226B5752F00DAC57A /* LXHandleRequestPlugin.swift */ = {isa = PBXFileReference; lastKnownFileType = sourcecode.swift; path = LXHandleRequestPlugin.swift; sourceTree = "<group>"; };
		E1A8AECB26B4186A00EFB67C /* LXAESEncoding.swift */ = {isa = PBXFileReference; lastKnownFileType = sourcecode.swift; path = LXAESEncoding.swift; sourceTree = "<group>"; };
		E1A8AECD26B41C3D00EFB67C /* LXUploadFileInfo.swift */ = {isa = PBXFileReference; lastKnownFileType = sourcecode.swift; path = LXUploadFileInfo.swift; sourceTree = "<group>"; };
		E1D16A4326B6BCFE00614519 /* TestPolicyApi.swift */ = {isa = PBXFileReference; lastKnownFileType = sourcecode.swift; path = TestPolicyApi.swift; sourceTree = "<group>"; };
		E1D16A4D26B6C49300614519 /* TestModel.swift */ = {isa = PBXFileReference; fileEncoding = 4; lastKnownFileType = sourcecode.swift; path = TestModel.swift; sourceTree = "<group>"; };
		E1D16A4E26B6C49300614519 /* TestRequestApi.swift */ = {isa = PBXFileReference; fileEncoding = 4; lastKnownFileType = sourcecode.swift; path = TestRequestApi.swift; sourceTree = "<group>"; };
		FC072227CBA7117AE874F8A9 /* Pods-WebServiceMoyaDemo.debug.xcconfig */ = {isa = PBXFileReference; includeInIndex = 1; lastKnownFileType = text.xcconfig; name = "Pods-WebServiceMoyaDemo.debug.xcconfig"; path = "Target Support Files/Pods-WebServiceMoyaDemo/Pods-WebServiceMoyaDemo.debug.xcconfig"; sourceTree = "<group>"; };
/* End PBXFileReference section */

/* Begin PBXFrameworksBuildPhase section */
		18FF639B26B2BA29009AEC71 /* Frameworks */ = {
			isa = PBXFrameworksBuildPhase;
			buildActionMask = 2147483647;
			files = (
				DA531E1855360D3853D5F245 /* Pods_WebServiceMoyaDemo.framework in Frameworks */,
			);
			runOnlyForDeploymentPostprocessing = 0;
		};
		18FF63B126B2BA2A009AEC71 /* Frameworks */ = {
			isa = PBXFrameworksBuildPhase;
			buildActionMask = 2147483647;
			files = (
			);
			runOnlyForDeploymentPostprocessing = 0;
		};
		18FF63BC26B2BA2A009AEC71 /* Frameworks */ = {
			isa = PBXFrameworksBuildPhase;
			buildActionMask = 2147483647;
			files = (
			);
			runOnlyForDeploymentPostprocessing = 0;
		};
/* End PBXFrameworksBuildPhase section */

/* Begin PBXGroup section */
		18FF639526B2BA29009AEC71 = {
			isa = PBXGroup;
			children = (
				18FF63A026B2BA29009AEC71 /* WebServiceMoyaDemo */,
				18FF63B726B2BA2A009AEC71 /* WebServiceMoyaDemoTests */,
				18FF63C226B2BA2A009AEC71 /* WebServiceMoyaDemoUITests */,
				18FF639F26B2BA29009AEC71 /* Products */,
				5DD2870FB55D549C9A69B106 /* Pods */,
				E06608269CF6EF1EB1220B4F /* Frameworks */,
			);
			sourceTree = "<group>";
		};
		18FF639F26B2BA29009AEC71 /* Products */ = {
			isa = PBXGroup;
			children = (
				18FF639E26B2BA29009AEC71 /* WebServiceMoyaDemo.app */,
				18FF63B426B2BA2A009AEC71 /* WebServiceMoyaDemoTests.xctest */,
				18FF63BF26B2BA2A009AEC71 /* WebServiceMoyaDemoUITests.xctest */,
			);
			name = Products;
			sourceTree = "<group>";
		};
		18FF63A026B2BA29009AEC71 /* WebServiceMoyaDemo */ = {
			isa = PBXGroup;
			children = (
				18FF63D126B2BA6A009AEC71 /* WebService */,
				18FF63A126B2BA29009AEC71 /* AppDelegate.swift */,
				18FF63A326B2BA29009AEC71 /* SceneDelegate.swift */,
				18FF63A526B2BA29009AEC71 /* ViewController.swift */,
				18FF63A726B2BA29009AEC71 /* Main.storyboard */,
				18FF63AA26B2BA2A009AEC71 /* Assets.xcassets */,
				18FF63AC26B2BA2A009AEC71 /* LaunchScreen.storyboard */,
				18FF63AF26B2BA2A009AEC71 /* Info.plist */,
			);
			path = WebServiceMoyaDemo;
			sourceTree = "<group>";
		};
		18FF63B726B2BA2A009AEC71 /* WebServiceMoyaDemoTests */ = {
			isa = PBXGroup;
			children = (
				18FF63B826B2BA2A009AEC71 /* WebServiceMoyaDemoTests.swift */,
				18FF63BA26B2BA2A009AEC71 /* Info.plist */,
			);
			path = WebServiceMoyaDemoTests;
			sourceTree = "<group>";
		};
		18FF63C226B2BA2A009AEC71 /* WebServiceMoyaDemoUITests */ = {
			isa = PBXGroup;
			children = (
				18FF63C326B2BA2A009AEC71 /* WebServiceMoyaDemoUITests.swift */,
				18FF63C526B2BA2A009AEC71 /* Info.plist */,
			);
			path = WebServiceMoyaDemoUITests;
			sourceTree = "<group>";
		};
		18FF63D126B2BA6A009AEC71 /* WebService */ = {
			isa = PBXGroup;
			children = (
				18FF63D226B2BA6A009AEC71 /* Core */,
				18FF63D726B2BA6A009AEC71 /* API */,
			);
			path = WebService;
			sourceTree = "<group>";
		};
		18FF63D226B2BA6A009AEC71 /* Core */ = {
			isa = PBXGroup;
			children = (
				18FF63D326B2BA6A009AEC71 /* MoyaTargetEx.swift */,
				18FF63D426B2BA6A009AEC71 /* LXRequestResultContainer.swift */,
				18FF63D526B2BA6A009AEC71 /* LXWebServiceHelper.swift */,
				18FF63D626B2BA6A009AEC71 /* LXError.swift */,
				E1A8AECB26B4186A00EFB67C /* LXAESEncoding.swift */,
				E17AAE2226B5752F00DAC57A /* LXHandleRequestPlugin.swift */,
				E1A8AECD26B41C3D00EFB67C /* LXUploadFileInfo.swift */,
			);
			path = Core;
			sourceTree = "<group>";
		};
		18FF63D726B2BA6A009AEC71 /* API */ = {
			isa = PBXGroup;
			children = (
				E1D16A4D26B6C49300614519 /* TestModel.swift */,
				E1D16A4E26B6C49300614519 /* TestRequestApi.swift */,
				E1D16A4326B6BCFE00614519 /* TestPolicyApi.swift */,
			);
			path = API;
			sourceTree = "<group>";
		};
		5DD2870FB55D549C9A69B106 /* Pods */ = {
			isa = PBXGroup;
			children = (
				FC072227CBA7117AE874F8A9 /* Pods-WebServiceMoyaDemo.debug.xcconfig */,
				601F6B558C43168CB27484C0 /* Pods-WebServiceMoyaDemo.release.xcconfig */,
			);
			path = Pods;
			sourceTree = "<group>";
		};
		E06608269CF6EF1EB1220B4F /* Frameworks */ = {
			isa = PBXGroup;
			children = (
				BB87899551C24BDD270CC57C /* Pods_WebServiceMoyaDemo.framework */,
			);
			name = Frameworks;
			sourceTree = "<group>";
		};
/* End PBXGroup section */

/* Begin PBXNativeTarget section */
		18FF639D26B2BA29009AEC71 /* WebServiceMoyaDemo */ = {
			isa = PBXNativeTarget;
			buildConfigurationList = 18FF63C826B2BA2A009AEC71 /* Build configuration list for PBXNativeTarget "WebServiceMoyaDemo" */;
			buildPhases = (
				1C79FC2BB6C1FDBC543CA2E5 /* [CP] Check Pods Manifest.lock */,
				18FF639A26B2BA29009AEC71 /* Sources */,
				18FF639B26B2BA29009AEC71 /* Frameworks */,
				18FF639C26B2BA29009AEC71 /* Resources */,
				6E1A22320199241CA7771610 /* [CP] Embed Pods Frameworks */,
			);
			buildRules = (
			);
			dependencies = (
			);
			name = WebServiceMoyaDemo;
			productName = WebServiceMoyaDemo;
			productReference = 18FF639E26B2BA29009AEC71 /* WebServiceMoyaDemo.app */;
			productType = "com.apple.product-type.application";
		};
		18FF63B326B2BA2A009AEC71 /* WebServiceMoyaDemoTests */ = {
			isa = PBXNativeTarget;
			buildConfigurationList = 18FF63CB26B2BA2A009AEC71 /* Build configuration list for PBXNativeTarget "WebServiceMoyaDemoTests" */;
			buildPhases = (
				18FF63B026B2BA2A009AEC71 /* Sources */,
				18FF63B126B2BA2A009AEC71 /* Frameworks */,
				18FF63B226B2BA2A009AEC71 /* Resources */,
			);
			buildRules = (
			);
			dependencies = (
				18FF63B626B2BA2A009AEC71 /* PBXTargetDependency */,
			);
			name = WebServiceMoyaDemoTests;
			productName = WebServiceMoyaDemoTests;
			productReference = 18FF63B426B2BA2A009AEC71 /* WebServiceMoyaDemoTests.xctest */;
			productType = "com.apple.product-type.bundle.unit-test";
		};
		18FF63BE26B2BA2A009AEC71 /* WebServiceMoyaDemoUITests */ = {
			isa = PBXNativeTarget;
			buildConfigurationList = 18FF63CE26B2BA2A009AEC71 /* Build configuration list for PBXNativeTarget "WebServiceMoyaDemoUITests" */;
			buildPhases = (
				18FF63BB26B2BA2A009AEC71 /* Sources */,
				18FF63BC26B2BA2A009AEC71 /* Frameworks */,
				18FF63BD26B2BA2A009AEC71 /* Resources */,
			);
			buildRules = (
			);
			dependencies = (
				18FF63C126B2BA2A009AEC71 /* PBXTargetDependency */,
			);
			name = WebServiceMoyaDemoUITests;
			productName = WebServiceMoyaDemoUITests;
			productReference = 18FF63BF26B2BA2A009AEC71 /* WebServiceMoyaDemoUITests.xctest */;
			productType = "com.apple.product-type.bundle.ui-testing";
		};
/* End PBXNativeTarget section */

/* Begin PBXProject section */
		18FF639626B2BA29009AEC71 /* Project object */ = {
			isa = PBXProject;
			attributes = {
				LastSwiftUpdateCheck = 1250;
				LastUpgradeCheck = 1250;
				TargetAttributes = {
					18FF639D26B2BA29009AEC71 = {
						CreatedOnToolsVersion = 12.5.1;
					};
					18FF63B326B2BA2A009AEC71 = {
						CreatedOnToolsVersion = 12.5.1;
						TestTargetID = 18FF639D26B2BA29009AEC71;
					};
					18FF63BE26B2BA2A009AEC71 = {
						CreatedOnToolsVersion = 12.5.1;
						TestTargetID = 18FF639D26B2BA29009AEC71;
					};
				};
			};
			buildConfigurationList = 18FF639926B2BA29009AEC71 /* Build configuration list for PBXProject "WebServiceMoyaDemo" */;
			compatibilityVersion = "Xcode 9.3";
			developmentRegion = en;
			hasScannedForEncodings = 0;
			knownRegions = (
				en,
				Base,
			);
			mainGroup = 18FF639526B2BA29009AEC71;
			productRefGroup = 18FF639F26B2BA29009AEC71 /* Products */;
			projectDirPath = "";
			projectRoot = "";
			targets = (
				18FF639D26B2BA29009AEC71 /* WebServiceMoyaDemo */,
				18FF63B326B2BA2A009AEC71 /* WebServiceMoyaDemoTests */,
				18FF63BE26B2BA2A009AEC71 /* WebServiceMoyaDemoUITests */,
			);
		};
/* End PBXProject section */

/* Begin PBXResourcesBuildPhase section */
		18FF639C26B2BA29009AEC71 /* Resources */ = {
			isa = PBXResourcesBuildPhase;
			buildActionMask = 2147483647;
			files = (
				18FF63AE26B2BA2A009AEC71 /* LaunchScreen.storyboard in Resources */,
				18FF63AB26B2BA2A009AEC71 /* Assets.xcassets in Resources */,
				18FF63A926B2BA29009AEC71 /* Main.storyboard in Resources */,
			);
			runOnlyForDeploymentPostprocessing = 0;
		};
		18FF63B226B2BA2A009AEC71 /* Resources */ = {
			isa = PBXResourcesBuildPhase;
			buildActionMask = 2147483647;
			files = (
			);
			runOnlyForDeploymentPostprocessing = 0;
		};
		18FF63BD26B2BA2A009AEC71 /* Resources */ = {
			isa = PBXResourcesBuildPhase;
			buildActionMask = 2147483647;
			files = (
			);
			runOnlyForDeploymentPostprocessing = 0;
		};
/* End PBXResourcesBuildPhase section */

/* Begin PBXShellScriptBuildPhase section */
		1C79FC2BB6C1FDBC543CA2E5 /* [CP] Check Pods Manifest.lock */ = {
			isa = PBXShellScriptBuildPhase;
			buildActionMask = 2147483647;
			files = (
			);
			inputFileListPaths = (
			);
			inputPaths = (
				"${PODS_PODFILE_DIR_PATH}/Podfile.lock",
				"${PODS_ROOT}/Manifest.lock",
			);
			name = "[CP] Check Pods Manifest.lock";
			outputFileListPaths = (
			);
			outputPaths = (
				"$(DERIVED_FILE_DIR)/Pods-WebServiceMoyaDemo-checkManifestLockResult.txt",
			);
			runOnlyForDeploymentPostprocessing = 0;
			shellPath = /bin/sh;
			shellScript = "diff \"${PODS_PODFILE_DIR_PATH}/Podfile.lock\" \"${PODS_ROOT}/Manifest.lock\" > /dev/null\nif [ $? != 0 ] ; then\n    # print error to STDERR\n    echo \"error: The sandbox is not in sync with the Podfile.lock. Run 'pod install' or update your CocoaPods installation.\" >&2\n    exit 1\nfi\n# This output is used by Xcode 'outputs' to avoid re-running this script phase.\necho \"SUCCESS\" > \"${SCRIPT_OUTPUT_FILE_0}\"\n";
			showEnvVarsInLog = 0;
		};
		6E1A22320199241CA7771610 /* [CP] Embed Pods Frameworks */ = {
			isa = PBXShellScriptBuildPhase;
			buildActionMask = 2147483647;
			files = (
			);
			inputFileListPaths = (
				"${PODS_ROOT}/Target Support Files/Pods-WebServiceMoyaDemo/Pods-WebServiceMoyaDemo-frameworks-${CONFIGURATION}-input-files.xcfilelist",
			);
			name = "[CP] Embed Pods Frameworks";
			outputFileListPaths = (
				"${PODS_ROOT}/Target Support Files/Pods-WebServiceMoyaDemo/Pods-WebServiceMoyaDemo-frameworks-${CONFIGURATION}-output-files.xcfilelist",
			);
			runOnlyForDeploymentPostprocessing = 0;
			shellPath = /bin/sh;
			shellScript = "\"${PODS_ROOT}/Target Support Files/Pods-WebServiceMoyaDemo/Pods-WebServiceMoyaDemo-frameworks.sh\"\n";
			showEnvVarsInLog = 0;
		};
/* End PBXShellScriptBuildPhase section */

/* Begin PBXSourcesBuildPhase section */
		18FF639A26B2BA29009AEC71 /* Sources */ = {
			isa = PBXSourcesBuildPhase;
			buildActionMask = 2147483647;
			files = (
				E17AAE2326B5752F00DAC57A /* LXHandleRequestPlugin.swift in Sources */,
				18FF63DC26B2BA6A009AEC71 /* LXError.swift in Sources */,
				18FF63DB26B2BA6A009AEC71 /* LXWebServiceHelper.swift in Sources */,
				E1D16A4F26B6C49300614519 /* TestModel.swift in Sources */,
				E1A8AECE26B41C3D00EFB67C /* LXUploadFileInfo.swift in Sources */,
				18FF63A626B2BA29009AEC71 /* ViewController.swift in Sources */,
				18FF63A226B2BA29009AEC71 /* AppDelegate.swift in Sources */,
				18FF63A426B2BA29009AEC71 /* SceneDelegate.swift in Sources */,
				18FF63D926B2BA6A009AEC71 /* MoyaTargetEx.swift in Sources */,
				E1D16A5026B6C49300614519 /* TestRequestApi.swift in Sources */,
				E1D16A4426B6BCFE00614519 /* TestPolicyApi.swift in Sources */,
				E1A8AECC26B4186A00EFB67C /* LXAESEncoding.swift in Sources */,
				18FF63DA26B2BA6A009AEC71 /* LXRequestResultContainer.swift in Sources */,
			);
			runOnlyForDeploymentPostprocessing = 0;
		};
		18FF63B026B2BA2A009AEC71 /* Sources */ = {
			isa = PBXSourcesBuildPhase;
			buildActionMask = 2147483647;
			files = (
				18FF63B926B2BA2A009AEC71 /* WebServiceMoyaDemoTests.swift in Sources */,
			);
			runOnlyForDeploymentPostprocessing = 0;
		};
		18FF63BB26B2BA2A009AEC71 /* Sources */ = {
			isa = PBXSourcesBuildPhase;
			buildActionMask = 2147483647;
			files = (
				18FF63C426B2BA2A009AEC71 /* WebServiceMoyaDemoUITests.swift in Sources */,
			);
			runOnlyForDeploymentPostprocessing = 0;
		};
/* End PBXSourcesBuildPhase section */

/* Begin PBXTargetDependency section */
		18FF63B626B2BA2A009AEC71 /* PBXTargetDependency */ = {
			isa = PBXTargetDependency;
			target = 18FF639D26B2BA29009AEC71 /* WebServiceMoyaDemo */;
			targetProxy = 18FF63B526B2BA2A009AEC71 /* PBXContainerItemProxy */;
		};
		18FF63C126B2BA2A009AEC71 /* PBXTargetDependency */ = {
			isa = PBXTargetDependency;
			target = 18FF639D26B2BA29009AEC71 /* WebServiceMoyaDemo */;
			targetProxy = 18FF63C026B2BA2A009AEC71 /* PBXContainerItemProxy */;
		};
/* End PBXTargetDependency section */

/* Begin PBXVariantGroup section */
		18FF63A726B2BA29009AEC71 /* Main.storyboard */ = {
			isa = PBXVariantGroup;
			children = (
				18FF63A826B2BA29009AEC71 /* Base */,
			);
			name = Main.storyboard;
			sourceTree = "<group>";
		};
		18FF63AC26B2BA2A009AEC71 /* LaunchScreen.storyboard */ = {
			isa = PBXVariantGroup;
			children = (
				18FF63AD26B2BA2A009AEC71 /* Base */,
			);
			name = LaunchScreen.storyboard;
			sourceTree = "<group>";
		};
/* End PBXVariantGroup section */

/* Begin XCBuildConfiguration section */
		18FF63C626B2BA2A009AEC71 /* Debug */ = {
			isa = XCBuildConfiguration;
			buildSettings = {
				ALWAYS_SEARCH_USER_PATHS = NO;
				CLANG_ANALYZER_NONNULL = YES;
				CLANG_ANALYZER_NUMBER_OBJECT_CONVERSION = YES_AGGRESSIVE;
				CLANG_CXX_LANGUAGE_STANDARD = "gnu++14";
				CLANG_CXX_LIBRARY = "libc++";
				CLANG_ENABLE_MODULES = YES;
				CLANG_ENABLE_OBJC_ARC = YES;
				CLANG_ENABLE_OBJC_WEAK = YES;
				CLANG_WARN_BLOCK_CAPTURE_AUTORELEASING = YES;
				CLANG_WARN_BOOL_CONVERSION = YES;
				CLANG_WARN_COMMA = YES;
				CLANG_WARN_CONSTANT_CONVERSION = YES;
				CLANG_WARN_DEPRECATED_OBJC_IMPLEMENTATIONS = YES;
				CLANG_WARN_DIRECT_OBJC_ISA_USAGE = YES_ERROR;
				CLANG_WARN_DOCUMENTATION_COMMENTS = YES;
				CLANG_WARN_EMPTY_BODY = YES;
				CLANG_WARN_ENUM_CONVERSION = YES;
				CLANG_WARN_INFINITE_RECURSION = YES;
				CLANG_WARN_INT_CONVERSION = YES;
				CLANG_WARN_NON_LITERAL_NULL_CONVERSION = YES;
				CLANG_WARN_OBJC_IMPLICIT_RETAIN_SELF = YES;
				CLANG_WARN_OBJC_LITERAL_CONVERSION = YES;
				CLANG_WARN_OBJC_ROOT_CLASS = YES_ERROR;
				CLANG_WARN_QUOTED_INCLUDE_IN_FRAMEWORK_HEADER = YES;
				CLANG_WARN_RANGE_LOOP_ANALYSIS = YES;
				CLANG_WARN_STRICT_PROTOTYPES = YES;
				CLANG_WARN_SUSPICIOUS_MOVE = YES;
				CLANG_WARN_UNGUARDED_AVAILABILITY = YES_AGGRESSIVE;
				CLANG_WARN_UNREACHABLE_CODE = YES;
				CLANG_WARN__DUPLICATE_METHOD_MATCH = YES;
				COPY_PHASE_STRIP = NO;
				DEBUG_INFORMATION_FORMAT = dwarf;
				ENABLE_STRICT_OBJC_MSGSEND = YES;
				ENABLE_TESTABILITY = YES;
				GCC_C_LANGUAGE_STANDARD = gnu11;
				GCC_DYNAMIC_NO_PIC = NO;
				GCC_NO_COMMON_BLOCKS = YES;
				GCC_OPTIMIZATION_LEVEL = 0;
				GCC_PREPROCESSOR_DEFINITIONS = (
					"DEBUG=1",
					"$(inherited)",
				);
				GCC_WARN_64_TO_32_BIT_CONVERSION = YES;
				GCC_WARN_ABOUT_RETURN_TYPE = YES_ERROR;
				GCC_WARN_UNDECLARED_SELECTOR = YES;
				GCC_WARN_UNINITIALIZED_AUTOS = YES_AGGRESSIVE;
				GCC_WARN_UNUSED_FUNCTION = YES;
				GCC_WARN_UNUSED_VARIABLE = YES;
				IPHONEOS_DEPLOYMENT_TARGET = 14.5;
				MTL_ENABLE_DEBUG_INFO = INCLUDE_SOURCE;
				MTL_FAST_MATH = YES;
				ONLY_ACTIVE_ARCH = YES;
				SDKROOT = iphoneos;
				SWIFT_ACTIVE_COMPILATION_CONDITIONS = DEBUG;
				SWIFT_OPTIMIZATION_LEVEL = "-Onone";
			};
			name = Debug;
		};
		18FF63C726B2BA2A009AEC71 /* Release */ = {
			isa = XCBuildConfiguration;
			buildSettings = {
				ALWAYS_SEARCH_USER_PATHS = NO;
				CLANG_ANALYZER_NONNULL = YES;
				CLANG_ANALYZER_NUMBER_OBJECT_CONVERSION = YES_AGGRESSIVE;
				CLANG_CXX_LANGUAGE_STANDARD = "gnu++14";
				CLANG_CXX_LIBRARY = "libc++";
				CLANG_ENABLE_MODULES = YES;
				CLANG_ENABLE_OBJC_ARC = YES;
				CLANG_ENABLE_OBJC_WEAK = YES;
				CLANG_WARN_BLOCK_CAPTURE_AUTORELEASING = YES;
				CLANG_WARN_BOOL_CONVERSION = YES;
				CLANG_WARN_COMMA = YES;
				CLANG_WARN_CONSTANT_CONVERSION = YES;
				CLANG_WARN_DEPRECATED_OBJC_IMPLEMENTATIONS = YES;
				CLANG_WARN_DIRECT_OBJC_ISA_USAGE = YES_ERROR;
				CLANG_WARN_DOCUMENTATION_COMMENTS = YES;
				CLANG_WARN_EMPTY_BODY = YES;
				CLANG_WARN_ENUM_CONVERSION = YES;
				CLANG_WARN_INFINITE_RECURSION = YES;
				CLANG_WARN_INT_CONVERSION = YES;
				CLANG_WARN_NON_LITERAL_NULL_CONVERSION = YES;
				CLANG_WARN_OBJC_IMPLICIT_RETAIN_SELF = YES;
				CLANG_WARN_OBJC_LITERAL_CONVERSION = YES;
				CLANG_WARN_OBJC_ROOT_CLASS = YES_ERROR;
				CLANG_WARN_QUOTED_INCLUDE_IN_FRAMEWORK_HEADER = YES;
				CLANG_WARN_RANGE_LOOP_ANALYSIS = YES;
				CLANG_WARN_STRICT_PROTOTYPES = YES;
				CLANG_WARN_SUSPICIOUS_MOVE = YES;
				CLANG_WARN_UNGUARDED_AVAILABILITY = YES_AGGRESSIVE;
				CLANG_WARN_UNREACHABLE_CODE = YES;
				CLANG_WARN__DUPLICATE_METHOD_MATCH = YES;
				COPY_PHASE_STRIP = NO;
				DEBUG_INFORMATION_FORMAT = "dwarf-with-dsym";
				ENABLE_NS_ASSERTIONS = NO;
				ENABLE_STRICT_OBJC_MSGSEND = YES;
				GCC_C_LANGUAGE_STANDARD = gnu11;
				GCC_NO_COMMON_BLOCKS = YES;
				GCC_WARN_64_TO_32_BIT_CONVERSION = YES;
				GCC_WARN_ABOUT_RETURN_TYPE = YES_ERROR;
				GCC_WARN_UNDECLARED_SELECTOR = YES;
				GCC_WARN_UNINITIALIZED_AUTOS = YES_AGGRESSIVE;
				GCC_WARN_UNUSED_FUNCTION = YES;
				GCC_WARN_UNUSED_VARIABLE = YES;
				IPHONEOS_DEPLOYMENT_TARGET = 14.5;
				MTL_ENABLE_DEBUG_INFO = NO;
				MTL_FAST_MATH = YES;
				SDKROOT = iphoneos;
				SWIFT_COMPILATION_MODE = wholemodule;
				SWIFT_OPTIMIZATION_LEVEL = "-O";
				VALIDATE_PRODUCT = YES;
			};
			name = Release;
		};
		18FF63C926B2BA2A009AEC71 /* Debug */ = {
			isa = XCBuildConfiguration;
			baseConfigurationReference = FC072227CBA7117AE874F8A9 /* Pods-WebServiceMoyaDemo.debug.xcconfig */;
			buildSettings = {
				ASSETCATALOG_COMPILER_APPICON_NAME = AppIcon;
				ASSETCATALOG_COMPILER_GLOBAL_ACCENT_COLOR_NAME = AccentColor;
				CODE_SIGN_STYLE = Automatic;
				INFOPLIST_FILE = WebServiceMoyaDemo/Info.plist;
				LD_RUNPATH_SEARCH_PATHS = (
					"$(inherited)",
					"@executable_path/Frameworks",
				);
				PRODUCT_BUNDLE_IDENTIFIER = com.thm.WebServiceMoyaDemo;
				PRODUCT_NAME = "$(TARGET_NAME)";
				SWIFT_VERSION = 5.0;
				TARGETED_DEVICE_FAMILY = "1,2";
			};
			name = Debug;
		};
		18FF63CA26B2BA2A009AEC71 /* Release */ = {
			isa = XCBuildConfiguration;
			baseConfigurationReference = 601F6B558C43168CB27484C0 /* Pods-WebServiceMoyaDemo.release.xcconfig */;
			buildSettings = {
				ASSETCATALOG_COMPILER_APPICON_NAME = AppIcon;
				ASSETCATALOG_COMPILER_GLOBAL_ACCENT_COLOR_NAME = AccentColor;
				CODE_SIGN_STYLE = Automatic;
				INFOPLIST_FILE = WebServiceMoyaDemo/Info.plist;
				LD_RUNPATH_SEARCH_PATHS = (
					"$(inherited)",
					"@executable_path/Frameworks",
				);
				PRODUCT_BUNDLE_IDENTIFIER = com.thm.WebServiceMoyaDemo;
				PRODUCT_NAME = "$(TARGET_NAME)";
				SWIFT_VERSION = 5.0;
				TARGETED_DEVICE_FAMILY = "1,2";
			};
			name = Release;
		};
		18FF63CC26B2BA2A009AEC71 /* Debug */ = {
			isa = XCBuildConfiguration;
			buildSettings = {
				ALWAYS_EMBED_SWIFT_STANDARD_LIBRARIES = YES;
				BUNDLE_LOADER = "$(TEST_HOST)";
				CODE_SIGN_STYLE = Automatic;
				INFOPLIST_FILE = WebServiceMoyaDemoTests/Info.plist;
				IPHONEOS_DEPLOYMENT_TARGET = 14.5;
				LD_RUNPATH_SEARCH_PATHS = (
					"$(inherited)",
					"@executable_path/Frameworks",
					"@loader_path/Frameworks",
				);
				PRODUCT_BUNDLE_IDENTIFIER = com.thm.WebServiceMoyaDemoTests;
				PRODUCT_NAME = "$(TARGET_NAME)";
				SWIFT_VERSION = 5.0;
				TARGETED_DEVICE_FAMILY = "1,2";
				TEST_HOST = "$(BUILT_PRODUCTS_DIR)/WebServiceMoyaDemo.app/WebServiceMoyaDemo";
			};
			name = Debug;
		};
		18FF63CD26B2BA2A009AEC71 /* Release */ = {
			isa = XCBuildConfiguration;
			buildSettings = {
				ALWAYS_EMBED_SWIFT_STANDARD_LIBRARIES = YES;
				BUNDLE_LOADER = "$(TEST_HOST)";
				CODE_SIGN_STYLE = Automatic;
				INFOPLIST_FILE = WebServiceMoyaDemoTests/Info.plist;
				IPHONEOS_DEPLOYMENT_TARGET = 14.5;
				LD_RUNPATH_SEARCH_PATHS = (
					"$(inherited)",
					"@executable_path/Frameworks",
					"@loader_path/Frameworks",
				);
				PRODUCT_BUNDLE_IDENTIFIER = com.thm.WebServiceMoyaDemoTests;
				PRODUCT_NAME = "$(TARGET_NAME)";
				SWIFT_VERSION = 5.0;
				TARGETED_DEVICE_FAMILY = "1,2";
				TEST_HOST = "$(BUILT_PRODUCTS_DIR)/WebServiceMoyaDemo.app/WebServiceMoyaDemo";
			};
			name = Release;
		};
		18FF63CF26B2BA2A009AEC71 /* Debug */ = {
			isa = XCBuildConfiguration;
			buildSettings = {
				ALWAYS_EMBED_SWIFT_STANDARD_LIBRARIES = YES;
				CODE_SIGN_STYLE = Automatic;
				INFOPLIST_FILE = WebServiceMoyaDemoUITests/Info.plist;
				LD_RUNPATH_SEARCH_PATHS = (
					"$(inherited)",
					"@executable_path/Frameworks",
					"@loader_path/Frameworks",
				);
				PRODUCT_BUNDLE_IDENTIFIER = com.thm.WebServiceMoyaDemoUITests;
				PRODUCT_NAME = "$(TARGET_NAME)";
				SWIFT_VERSION = 5.0;
				TARGETED_DEVICE_FAMILY = "1,2";
				TEST_TARGET_NAME = WebServiceMoyaDemo;
			};
			name = Debug;
		};
		18FF63D026B2BA2A009AEC71 /* Release */ = {
			isa = XCBuildConfiguration;
			buildSettings = {
				ALWAYS_EMBED_SWIFT_STANDARD_LIBRARIES = YES;
				CODE_SIGN_STYLE = Automatic;
				INFOPLIST_FILE = WebServiceMoyaDemoUITests/Info.plist;
				LD_RUNPATH_SEARCH_PATHS = (
					"$(inherited)",
					"@executable_path/Frameworks",
					"@loader_path/Frameworks",
				);
				PRODUCT_BUNDLE_IDENTIFIER = com.thm.WebServiceMoyaDemoUITests;
				PRODUCT_NAME = "$(TARGET_NAME)";
				SWIFT_VERSION = 5.0;
				TARGETED_DEVICE_FAMILY = "1,2";
				TEST_TARGET_NAME = WebServiceMoyaDemo;
			};
			name = Release;
		};
/* End XCBuildConfiguration section */

/* Begin XCConfigurationList section */
		18FF639926B2BA29009AEC71 /* Build configuration list for PBXProject "WebServiceMoyaDemo" */ = {
			isa = XCConfigurationList;
			buildConfigurations = (
				18FF63C626B2BA2A009AEC71 /* Debug */,
				18FF63C726B2BA2A009AEC71 /* Release */,
			);
			defaultConfigurationIsVisible = 0;
			defaultConfigurationName = Release;
		};
		18FF63C826B2BA2A009AEC71 /* Build configuration list for PBXNativeTarget "WebServiceMoyaDemo" */ = {
			isa = XCConfigurationList;
			buildConfigurations = (
				18FF63C926B2BA2A009AEC71 /* Debug */,
				18FF63CA26B2BA2A009AEC71 /* Release */,
			);
			defaultConfigurationIsVisible = 0;
			defaultConfigurationName = Release;
		};
		18FF63CB26B2BA2A009AEC71 /* Build configuration list for PBXNativeTarget "WebServiceMoyaDemoTests" */ = {
			isa = XCConfigurationList;
			buildConfigurations = (
				18FF63CC26B2BA2A009AEC71 /* Debug */,
				18FF63CD26B2BA2A009AEC71 /* Release */,
			);
			defaultConfigurationIsVisible = 0;
			defaultConfigurationName = Release;
		};
		18FF63CE26B2BA2A009AEC71 /* Build configuration list for PBXNativeTarget "WebServiceMoyaDemoUITests" */ = {
			isa = XCConfigurationList;
			buildConfigurations = (
				18FF63CF26B2BA2A009AEC71 /* Debug */,
				18FF63D026B2BA2A009AEC71 /* Release */,
			);
			defaultConfigurationIsVisible = 0;
			defaultConfigurationName = Release;
		};
/* End XCConfigurationList section */
	};
	rootObject = 18FF639626B2BA29009AEC71 /* Project object */;
}
